
Microsoft Visual Studio Solution File, Format Version 12.00
# Visual Studio Version 17
VisualStudioVersion = 17.4.33110.190
MinimumVisualStudioVersion = 10.0.40219.1
Project("{FAE04EC0-301F-11D3-BF4B-00C04F79EFBC}") = "d_z_29-11-2022_linq", "d_z_29-11-2022_linq.csproj", "{26144E9C-99EC-44D0-A951-8FBCCF66CC3F}"
EndProject
Project("{2150E333-8FDC-42A3-9474-1A3956D46DE8}") = "Элементы решения", "Элементы решения", "{C61EF008-11B1-48A1-8341-05688079343F}"
EndProject
Global
	GlobalSection(SolutionConfigurationPlatforms) = preSolution
		Debug|Any CPU = Debug|Any CPU
		Release|Any CPU = Release|Any CPU
	EndGlobalSection
	GlobalSection(ProjectConfigurationPlatforms) = postSolution
		{26144E9C-99EC-44D0-A951-8FBCCF66CC3F}.Debug|Any CPU.ActiveCfg = Debug|Any CPU
		{26144E9C-99EC-44D0-A951-8FBCCF66CC3F}.Debug|Any CPU.Build.0 = Debug|Any CPU
		{26144E9C-99EC-44D0-A951-8FBCCF66CC3F}.Release|Any CPU.ActiveCfg = Release|Any CPU
		{26144E9C-99EC-44D0-A951-8FBCCF66CC3F}.Release|Any CPU.Build.0 = Release|Any CPU
	EndGlobalSection
	GlobalSection(SolutionProperties) = preSolution
		HideSolutionNode = FALSE
	EndGlobalSection
	GlobalSection(ExtensibilityGlobals) = postSolution
		SolutionGuid = {054685A1-2BD6-4366-9083-7A0C7AA4AC84}
	EndGlobalSection
EndGlobal
